
Microsoft Visual Studio Solution File, Format Version 12.00
# Visual Studio Version 16
VisualStudioVersion = 16.0.30621.155
MinimumVisualStudioVersion = 10.0.40219.1
Project("{9A19103F-16F7-4668-BE54-9A1E7A4F7556}") = "DataAccessLayer", "DataAccessLayer.csproj", "{BB4162CA-809D-447D-B296-7FBBB027C34A}"
EndProject
Global
	GlobalSection(SolutionConfigurationPlatforms) = preSolution
		Debug|Any CPU = Debug|Any CPU
		Release|Any CPU = Release|Any CPU
	EndGlobalSection
	GlobalSection(ProjectConfigurationPlatforms) = postSolution
		{BB4162CA-809D-447D-B296-7FBBB027C34A}.Debug|Any CPU.ActiveCfg = Debug|Any CPU
		{BB4162CA-809D-447D-B296-7FBBB027C34A}.Debug|Any CPU.Build.0 = Debug|Any CPU
		{BB4162CA-809D-447D-B296-7FBBB027C34A}.Release|Any CPU.ActiveCfg = Release|Any CPU
		{BB4162CA-809D-447D-B296-7FBBB027C34A}.Release|Any CPU.Build.0 = Release|Any CPU
	EndGlobalSection
	GlobalSection(SolutionProperties) = preSolution
		HideSolutionNode = FALSE
	EndGlobalSection
	GlobalSection(ExtensibilityGlobals) = postSolution
		SolutionGuid = {28B98EAF-B7DB-46B0-9164-FCA3AB313AA5}
	EndGlobalSection
EndGlobal
